# THIS IS AN AUTOGENERATED FILE. DO NOT EDIT THIS FILE DIRECTLY.
# yarn lockfile v1


bisect_ppx@^2.8.2:
  version "2.8.2"
  resolved "https://registry.yarnpkg.com/bisect_ppx/-/bisect_ppx-2.8.2.tgz#0cfa96557d113b63b5e5d736db4e2b4c87c38436"
  integrity sha512-7hrdNVCpbljbeyJlunD+lZIjfqh/mLKOFY26vgnxNzcVzVNoCV+Qx+TgoRrL5bbum1AjI7DN255nRUfY0nn/mg==

rescript@^10.1.4:
  version "10.1.4"
  resolved "https://registry.yarnpkg.com/rescript/-/rescript-10.1.4.tgz#0f37710d371f32a704f17b4e804f66ce3c79a305"
  integrity sha512-FFKlS9AG/XrLepWsyw7B+A9DtQBPWEPDPDKghV831Y2KGbie+eeFBOS0xtRHp0xbt7S0N2Dm6hhX+kTZQ/3Ybg==
